
Microsoft Visual Studio Solution File, Format Version 12.00
# Visual Studio Version 17
VisualStudioVersion = 17.14.36616.10 d17.14
MinimumVisualStudioVersion = 10.0.40219.1
Project("{FAE04EC0-301F-11D3-BF4B-00C04F79EFBC}") = "Задание 4", "Задание 4\Задание 4.csproj", "{19AF33D1-E5D6-4B58-9163-380A822E2623}"
EndProject
Global
	GlobalSection(SolutionConfigurationPlatforms) = preSolution
		Debug|Any CPU = Debug|Any CPU
		Release|Any CPU = Release|Any CPU
	EndGlobalSection
	GlobalSection(ProjectConfigurationPlatforms) = postSolution
		{19AF33D1-E5D6-4B58-9163-380A822E2623}.Debug|Any CPU.ActiveCfg = Debug|Any CPU
		{19AF33D1-E5D6-4B58-9163-380A822E2623}.Debug|Any CPU.Build.0 = Debug|Any CPU
		{19AF33D1-E5D6-4B58-9163-380A822E2623}.Release|Any CPU.ActiveCfg = Release|Any CPU
		{19AF33D1-E5D6-4B58-9163-380A822E2623}.Release|Any CPU.Build.0 = Release|Any CPU
	EndGlobalSection
	GlobalSection(SolutionProperties) = preSolution
		HideSolutionNode = FALSE
	EndGlobalSection
	GlobalSection(ExtensibilityGlobals) = postSolution
		SolutionGuid = {93B173ED-3E4D-40FE-9B3C-A3B42B36B74A}
	EndGlobalSection
EndGlobal
